lockfileVersion: '9.0'

settings:
  autoInstallPeers: true
  excludeLinksFromLockfile: false

importers:

  .:
    dependencies:
      '@hono/node-server':
        specifier: ^2.0.5
        version: 2.0.5(hono@4.12.25)
      hono:
        specifier: ^4.12.25
        version: 4.12.25

packages:

  '@hono/node-server@2.0.5':
    resolution: {integrity: sha512-yQFvDmyDo3y6rEOJZDUYPJ49DIKTPpIk4kGvm40xx4Ejne0Pu9a1+exxPN+C1UppWK/WGZX9F++/Xs231tE86g==}
    engines: {node: '>=20'}
    peerDependencies:
      hono: ^4

  hono@4.12.25:
    resolution: {integrity: sha512-2NFaIyNVgJmBs/ecmtGzlmluTFs5cHEWGTdu0t1HBwYzoGXOL5nUQBRMXsXWla5i4KkG//QMzVP88m1+I3fdAQ==}
    engines: {node: '>=16.9.0'}

snapshots:

  '@hono/node-server@2.0.5(hono@4.12.25)':
    dependencies:
      hono: 4.12.25

  hono@4.12.25: {}
